
Microsoft Visual Studio Solution File, Format Version 12.00
# Visual Studio 15
VisualStudioVersion = 15.0.28307.1169
MinimumVisualStudioVersion = 10.0.40219.1
Project("{FAE04EC0-301F-11D3-BF4B-00C04F79EFBC}") = "WebApplication2", "WebApplication2\WebApplication2.csproj", "{65194AD5-0B88-41FB-AE88-D61A35A989A0}"
EndProject
Global
	GlobalSection(SolutionConfigurationPlatforms) = preSolution
		Debug|Any CPU = Debug|Any CPU
		Release|Any CPU = Release|Any CPU
	EndGlobalSection
	GlobalSection(ProjectConfigurationPlatforms) = postSolution
		{65194AD5-0B88-41FB-AE88-D61A35A989A0}.Debug|Any CPU.ActiveCfg = Debug|Any CPU
		{65194AD5-0B88-41FB-AE88-D61A35A989A0}.Debug|Any CPU.Build.0 = Debug|Any CPU
		{65194AD5-0B88-41FB-AE88-D61A35A989A0}.Release|Any CPU.ActiveCfg = Release|Any CPU
		{65194AD5-0B88-41FB-AE88-D61A35A989A0}.Release|Any CPU.Build.0 = Release|Any CPU
	EndGlobalSection
	GlobalSection(SolutionProperties) = preSolution
		HideSolutionNode = FALSE
	EndGlobalSection
	GlobalSection(ExtensibilityGlobals) = postSolution
		SolutionGuid = {712BB6E6-8BD9-448B-AAED-08F1ED7ED772}
	EndGlobalSection
EndGlobal
